
Microsoft Visual Studio Solution File, Format Version 12.00
# Visual Studio Version 17
VisualStudioVersion = 17.8.34525.116
MinimumVisualStudioVersion = 10.0.40219.1
Project("{FAE04EC0-301F-11D3-BF4B-00C04F79EFBC}") = "DataAccess", "DataAccess\DataAccess.csproj", "{0650D584-2C75-417C-A871-44CFAA956F89}"
EndProject
Project("{FAE04EC0-301F-11D3-BF4B-00C04F79EFBC}") = "Entities", "Entities\Entities.csproj", "{0F14A621-23CD-4E6E-A6C6-685A7F914DA1}"
EndProject
Project("{FAE04EC0-301F-11D3-BF4B-00C04F79EFBC}") = "Business", "Business\Business.csproj", "{3C239E71-D1F0-434A-B479-C0A89D0A158C}"
EndProject
Project("{FAE04EC0-301F-11D3-BF4B-00C04F79EFBC}") = "ConsoleUI", "ConsoleUI\ConsoleUI.csproj", "{9D85E2C7-EA98-43A4-B33B-27CC6DADC66F}"
EndProject
Global
	GlobalSection(SolutionConfigurationPlatforms) = preSolution
		Debug|Any CPU = Debug|Any CPU
		Release|Any CPU = Release|Any CPU
	EndGlobalSection
	GlobalSection(ProjectConfigurationPlatforms) = postSolution
		{0650D584-2C75-417C-A871-44CFAA956F89}.Debug|Any CPU.ActiveCfg = Debug|Any CPU
		{0650D584-2C75-417C-A871-44CFAA956F89}.Debug|Any CPU.Build.0 = Debug|Any CPU
		{0650D584-2C75-417C-A871-44CFAA956F89}.Release|Any CPU.ActiveCfg = Release|Any CPU
		{0650D584-2C75-417C-A871-44CFAA956F89}.Release|Any CPU.Build.0 = Release|Any CPU
		{0F14A621-23CD-4E6E-A6C6-685A7F914DA1}.Debug|Any CPU.ActiveCfg = Debug|Any CPU
		{0F14A621-23CD-4E6E-A6C6-685A7F914DA1}.Debug|Any CPU.Build.0 = Debug|Any CPU
		{0F14A621-23CD-4E6E-A6C6-685A7F914DA1}.Release|Any CPU.ActiveCfg = Release|Any CPU
		{0F14A621-23CD-4E6E-A6C6-685A7F914DA1}.Release|Any CPU.Build.0 = Release|Any CPU
		{3C239E71-D1F0-434A-B479-C0A89D0A158C}.Debug|Any CPU.ActiveCfg = Debug|Any CPU
		{3C239E71-D1F0-434A-B479-C0A89D0A158C}.Debug|Any CPU.Build.0 = Debug|Any CPU
		{3C239E71-D1F0-434A-B479-C0A89D0A158C}.Release|Any CPU.ActiveCfg = Release|Any CPU
		{3C239E71-D1F0-434A-B479-C0A89D0A158C}.Release|Any CPU.Build.0 = Release|Any CPU
		{9D85E2C7-EA98-43A4-B33B-27CC6DADC66F}.Debug|Any CPU.ActiveCfg = Debug|Any CPU
		{9D85E2C7-EA98-43A4-B33B-27CC6DADC66F}.Debug|Any CPU.Build.0 = Debug|Any CPU
		{9D85E2C7-EA98-43A4-B33B-27CC6DADC66F}.Release|Any CPU.ActiveCfg = Release|Any CPU
		{9D85E2C7-EA98-43A4-B33B-27CC6DADC66F}.Release|Any CPU.Build.0 = Release|Any CPU
	EndGlobalSection
	GlobalSection(SolutionProperties) = preSolution
		HideSolutionNode = FALSE
	EndGlobalSection
	GlobalSection(ExtensibilityGlobals) = postSolution
		SolutionGuid = {1611B9A8-1FAB-48C4-87AD-AD8D4FA57F3F}
	EndGlobalSection
EndGlobal
